# THIS IS AN AUTOGENERATED FILE. DO NOT EDIT THIS FILE DIRECTLY.
# yarn lockfile v1


"@companion-module/base@^1.12.1":
  version "1.12.1"
  resolved "https://registry.npmjs.org/@companion-module/base/-/base-1.12.1.tgz"
  integrity sha512-4hKs1g6XE8QCBh/dHYUa1seDl0U84TbpS8QnD8P+mFqMe7TupqgRkfAmLf3Ai9Fw8P7tE2zlFurMG6Y9iyA6YA==
  dependencies:
    ajv "^8.17.1"
    colord "^2.9.3"
    ejson "^2.2.3"
    eventemitter3 "^5.0.1"
    mimic-fn "^3.1.0"
    nanoid "^3.3.11"
    p-queue "^6.6.2"
    p-timeout "^4.1.0"
    tslib "^2.8.1"

"@companion-module/tools@^3.0.0":
  version "3.0.0"
  resolved "https://registry.yarnpkg.com/@companion-module/tools/-/tools-3.0.0.tgz#4c9d86a2b79628ca98595d07397e884ac864d519"
  integrity sha512-XgO5qCOZvTv7hQiOLBAhG3p6wLfFv+r3A5F1xMIMv3aK1iUtCAdsKjeVfqhXIEAv6/oLgYLwn/eehT2+SrH/CQ==
  dependencies:
    "@eslint/js" "^9.39.3"
    esbuild "^0.27.3"
    eslint-config-prettier "^10.1.8"
    eslint-plugin-n "^17.24.0"
    eslint-plugin-prettier "^5.5.5"
    find-up "^8.0.0"
    semver "^7.7.4"
    tar "^7.5.9"
    zx "^8.8.5"

"@esbuild/aix-ppc64@0.27.4":
  version "0.27.4"
  resolved "https://registry.yarnpkg.com/@esbuild/aix-ppc64/-/aix-ppc64-0.27.4.tgz#4c585002f7ad694d38fe0e8cbf5cfd939ccff327"
  integrity sha512-cQPwL2mp2nSmHHJlCyoXgHGhbEPMrEEU5xhkcy3Hs/O7nGZqEpZ2sUtLaL9MORLtDfRvVl2/3PAuEkYZH0Ty8Q==

"@esbuild/android-arm64@0.27.4":
  version "0.27.4"
  resolved "https://registry.yarnpkg.com/@esbuild/android-arm64/-/android-arm64-0.27.4.tgz#7625d0952c3b402d3ede203a16c9f2b78f8a4827"
  integrity sha512-gdLscB7v75wRfu7QSm/zg6Rx29VLdy9eTr2t44sfTW7CxwAtQghZ4ZnqHk3/ogz7xao0QAgrkradbBzcqFPasw==

"@esbuild/android-arm@0.27.4":
  version "0.27.4"
  resolved "https://registry.yarnpkg.com/@esbuild/android-arm/-/android-arm-0.27.4.tgz#9a0cf1d12997ec46dddfb32ce67e9bca842381ac"
  integrity sha512-X9bUgvxiC8CHAGKYufLIHGXPJWnr0OCdR0anD2e21vdvgCI8lIfqFbnoeOz7lBjdrAGUhqLZLcQo6MLhTO2DKQ==

"@esbuild/android-x64@0.27.4":
  version "0.27.4"
  resolved "https://registry.yarnpkg.com/@esbuild/android-x64/-/android-x64-0.27.4.tgz#06e1fdc6283fccd6bc6aadd6754afce6cf96f42e"
  integrity sha512-PzPFnBNVF292sfpfhiyiXCGSn9HZg5BcAz+ivBuSsl6Rk4ga1oEXAamhOXRFyMcjwr2DVtm40G65N3GLeH1Lvw==

"@esbuild/darwin-arm64@0.27.4":
  version "0.27.4"
  resolved "https://registry.yarnpkg.com/@esbuild/darwin-arm64/-/darwin-arm64-0.27.4.tgz#6c550ee6c0273bcb0fac244478ff727c26755d80"
  integrity sha512-b7xaGIwdJlht8ZFCvMkpDN6uiSmnxxK56N2GDTMYPr2/gzvfdQN8rTfBsvVKmIVY/X7EM+/hJKEIbbHs9oA4tQ==

"@esbuild/darwin-x64@0.27.4":
  version "0.27.4"
  resolved "https://registry.yarnpkg.com/@esbuild/darwin-x64/-/darwin-x64-0.27.4.tgz#ed7a125e9f25ce0091b9aff783ee943f6ba6cb86"
  integrity sha512-sR+OiKLwd15nmCdqpXMnuJ9W2kpy0KigzqScqHI3Hqwr7IXxBp3Yva+yJwoqh7rE8V77tdoheRYataNKL4QrPw==

"@esbuild/freebsd-arm64@0.27.4":
  version "0.27.4"
  resolved "https://registry.yarnpkg.com/@esbuild/freebsd-arm64/-/freebsd-arm64-0.27.4.tgz#597dc8e7161dba71db4c1656131c1f1e9d7660c6"
  integrity sha512-jnfpKe+p79tCnm4GVav68A7tUFeKQwQyLgESwEAUzyxk/TJr4QdGog9sqWNcUbr/bZt/O/HXouspuQDd9JxFSw==

"@esbuild/freebsd-x64@0.27.4":
  version "0.27.4"
  resolved "https://registry.yarnpkg.com/@esbuild/freebsd-x64/-/freebsd-x64-0.27.4.tgz#ea171f9f4f00efaa8e9d3fe8baa1b75d757d1b36"
  integrity sha512-2kb4ceA/CpfUrIcTUl1wrP/9ad9Atrp5J94Lq69w7UwOMolPIGrfLSvAKJp0RTvkPPyn6CIWrNy13kyLikZRZQ==

"@esbuild/linux-arm64@0.27.4":
  version "0.27.4"
  resolved "https://registry.yarnpkg.com/@esbuild/linux-arm64/-/linux-arm64-0.27.4.tgz#e52d57f202369386e6dbcb3370a17a0491ab1464"
  integrity sha512-7nQOttdzVGth1iz57kxg9uCz57dxQLHWxopL6mYuYthohPKEK0vU0C3O21CcBK6KDlkYVcnDXY099HcCDXd9dA==

"@esbuild/linux-arm@0.27.4":
  version "0.27.4"
  resolved "https://registry.yarnpkg.com/@esbuild/linux-arm/-/linux-arm-0.27.4.tgz#5e0c0b634908adbce0a02cebeba8b3acac263fb6"
  integrity sha512-aBYgcIxX/wd5n2ys0yESGeYMGF+pv6g0DhZr3G1ZG4jMfruU9Tl1i2Z+Wnj9/KjGz1lTLCcorqE2viePZqj4Eg==

"@esbuild/linux-ia32@0.27.4":
  version "0.27.4"
  resolved "https://registry.yarnpkg.com/@esbuild/linux-ia32/-/linux-ia32-0.27.4.tgz#5f90f01f131652473ec06b038a14c49683e14ec7"
  integrity sha512-oPtixtAIzgvzYcKBQM/qZ3R+9TEUd1aNJQu0HhGyqtx6oS7qTpvjheIWBbes4+qu1bNlo2V4cbkISr8q6gRBFA==

"@esbuild/linux-loong64@0.27.4":
  version "0.27.4"
  resolved "https://registry.yarnpkg.com/@esbuild/linux-loong64/-/linux-loong64-0.27.4.tgz#63bacffdb99574c9318f9afbd0dd4fff76a837e3"
  integrity sha512-8mL/vh8qeCoRcFH2nM8wm5uJP+ZcVYGGayMavi8GmRJjuI3g1v6Z7Ni0JJKAJW+m0EtUuARb6Lmp4hMjzCBWzA==

"@esbuild/linux-mips64el@0.27.4":
  version "0.27.4"
  resolved "https://registry.yarnpkg.com/@esbuild/linux-mips64el/-/linux-mips64el-0.27.4.tgz#c4b6952eca6a8efff67fee3671a3536c8e67b7eb"
  integrity sha512-1RdrWFFiiLIW7LQq9Q2NES+HiD4NyT8Itj9AUeCl0IVCA459WnPhREKgwrpaIfTOe+/2rdntisegiPWn/r/aAw==

"@esbuild/linux-ppc64@0.27.4":
  version "0.27.4"
  resolved "https://registry.yarnpkg.com/@esbuild/linux-ppc64/-/linux-ppc64-0.27.4.tgz#6dea67d3d98c6986f1b7769e4f1848e5ae47ad58"
  integrity sha512-tLCwNG47l3sd9lpfyx9LAGEGItCUeRCWeAx6x2Jmbav65nAwoPXfewtAdtbtit/pJFLUWOhpv0FpS6GQAmPrHA==

"@esbuild/linux-riscv64@0.27.4":
  version "0.27.4"
  resolved "https://registry.yarnpkg.com/@esbuild/linux-riscv64/-/linux-riscv64-0.27.4.tgz#9ad2b4c3c0502c6bada9c81997bb56c597853489"
  integrity sha512-BnASypppbUWyqjd1KIpU4AUBiIhVr6YlHx/cnPgqEkNoVOhHg+YiSVxM1RLfiy4t9cAulbRGTNCKOcqHrEQLIw==

"@esbuild/linux-s390x@0.27.4":
  version "0.27.4"
  resolved "https://registry.yarnpkg.com/@esbuild/linux-s390x/-/linux-s390x-0.27.4.tgz#c43d3cfd073042ca6f5c52bb9bc313ed2066ce28"
  integrity sha512-+eUqgb/Z7vxVLezG8bVB9SfBie89gMueS+I0xYh2tJdw3vqA/0ImZJ2ROeWwVJN59ihBeZ7Tu92dF/5dy5FttA==

"@esbuild/linux-x64@0.27.4":
  version "0.27.4"
  resolved "https://registry.yarnpkg.com/@esbuild/linux-x64/-/linux-x64-0.27.4.tgz#45fa173e0591ac74d80d3cf76704713e14e2a4a6"
  integrity sha512-S5qOXrKV8BQEzJPVxAwnryi2+Iq5pB40gTEIT69BQONqR7JH1EPIcQ/Uiv9mCnn05jff9umq/5nqzxlqTOg9NA==

"@esbuild/netbsd-arm64@0.27.4":
  version "0.27.4"
  resolved "https://registry.yarnpkg.com/@esbuild/netbsd-arm64/-/netbsd-arm64-0.27.4.tgz#366b0ef40cdb986fc751cbdad16e8c25fe1ba879"
  integrity sha512-xHT8X4sb0GS8qTqiwzHqpY00C95DPAq7nAwX35Ie/s+LO9830hrMd3oX0ZMKLvy7vsonee73x0lmcdOVXFzd6Q==

"@esbuild/netbsd-x64@0.27.4":
  version "0.27.4"
  resolved "https://registry.yarnpkg.com/@esbuild/netbsd-x64/-/netbsd-x64-0.27.4.tgz#e985d49a3668fd2044343071d52e1ae815112b3e"
  integrity sha512-RugOvOdXfdyi5Tyv40kgQnI0byv66BFgAqjdgtAKqHoZTbTF2QqfQrFwa7cHEORJf6X2ht+l9ABLMP0dnKYsgg==

"@esbuild/openbsd-arm64@0.27.4":
  version "0.27.4"
  resolved "https://registry.yarnpkg.com/@esbuild/openbsd-arm64/-/openbsd-arm64-0.27.4.tgz#6fb4ab7b73f7e5572ce5ec9cf91c13ff6dd44842"
  integrity sha512-2MyL3IAaTX+1/qP0O1SwskwcwCoOI4kV2IBX1xYnDDqthmq5ArrW94qSIKCAuRraMgPOmG0RDTA74mzYNQA9ow==

"@esbuild/openbsd-x64@0.27.4":
  version "0.27.4"
  resolved "https://registry.yarnpkg.com/@esbuild/openbsd-x64/-/openbsd-x64-0.27.4.tgz#641f052040a0d79843d68898f5791638a026d983"
  integrity sha512-u8fg/jQ5aQDfsnIV6+KwLOf1CmJnfu1ShpwqdwC0uA7ZPwFws55Ngc12vBdeUdnuWoQYx/SOQLGDcdlfXhYmXQ==

"@esbuild/openharmony-arm64@0.27.4":
  version "0.27.4"
  resolved "https://registry.yarnpkg.com/@esbuild/openharmony-arm64/-/openharmony-arm64-0.27.4.tgz#fc1d33eac9d81ae0a433b3ed1dd6171a20d4e317"
  integrity sha512-JkTZrl6VbyO8lDQO3yv26nNr2RM2yZzNrNHEsj9bm6dOwwu9OYN28CjzZkH57bh4w0I2F7IodpQvUAEd1mbWXg==

"@esbuild/sunos-x64@0.27.4":
  version "0.27.4"
  resolved "https://registry.yarnpkg.com/@esbuild/sunos-x64/-/sunos-x64-0.27.4.tgz#af2cd5ca842d6d057121f66a192d4f797de28f53"
  integrity sha512-/gOzgaewZJfeJTlsWhvUEmUG4tWEY2Spp5M20INYRg2ZKl9QPO3QEEgPeRtLjEWSW8FilRNacPOg8R1uaYkA6g==

"@esbuild/win32-arm64@0.27.4":
  version "0.27.4"
  resolved "https://registry.yarnpkg.com/@esbuild/win32-arm64/-/win32-arm64-0.27.4.tgz#78ec7e59bb06404583d4c9511e621db31c760de3"
  integrity sha512-Z9SExBg2y32smoDQdf1HRwHRt6vAHLXcxD2uGgO/v2jK7Y718Ix4ndsbNMU/+1Qiem9OiOdaqitioZwxivhXYg==

"@esbuild/win32-ia32@0.27.4":
  version "0.27.4"
  resolved "https://registry.yarnpkg.com/@esbuild/win32-ia32/-/win32-ia32-0.27.4.tgz#0e616aa488b7ee5d2592ab070ff9ec06a9fddf11"
  integrity sha512-DAyGLS0Jz5G5iixEbMHi5KdiApqHBWMGzTtMiJ72ZOLhbu/bzxgAe8Ue8CTS3n3HbIUHQz/L51yMdGMeoxXNJw==

"@esbuild/win32-x64@0.27.4":
  version "0.27.4"
  resolved "https://registry.yarnpkg.com/@esbuild/win32-x64/-/win32-x64-0.27.4.tgz#1f7ba71a3d6155d44a6faa8dbe249c62ab3e408c"
  integrity sha512-+knoa0BDoeXgkNvvV1vvbZX4+hizelrkwmGJBdT17t8FNPwG2lKemmuMZlmaNQ3ws3DKKCxpb4zRZEIp3UxFCg==

"@eslint-community/eslint-utils@^4.1.2":
  version "4.4.0"
  resolved "https://registry.npmjs.org/@eslint-community/eslint-utils/-/eslint-utils-4.4.0.tgz"
  integrity sha512-1/sA4dwrzBAyeUoQ6oxahHKmrZvsnLCg4RfxW3ZFGGmQkSNQPFNLV9CUEFQP1x9EYXHTo5p6xdhZM1Ne9p/AfA==
  dependencies:
    eslint-visitor-keys "^3.3.0"

"@eslint-community/eslint-utils@^4.5.0":
  version "4.9.1"
  resolved "https://registry.yarnpkg.com/@eslint-community/eslint-utils/-/eslint-utils-4.9.1.tgz#4e90af67bc51ddee6cdef5284edf572ec376b595"
  integrity sha512-phrYmNiYppR7znFEdqgfWHXR6NCkZEK7hwWDHZUjit/2/U0r6XvkDl0SYnoM51Hq7FhCGdLDT6zxCCOY1hexsQ==
  dependencies:
    eslint-visitor-keys "^3.4.3"

"@eslint-community/regexpp@^4.11.0":
  version "4.12.1"
  resolved "https://registry.npmjs.org/@eslint-community/regexpp/-/regexpp-4.12.1.tgz"
  integrity sha512-CCZCDJuduB9OUkFkY2IgppNZMi2lBQgD2qzwXkEia16cge2pijY/aXi96CJMquDMn3nJdlPV1A5KrJEXwfLNzQ==

"@eslint/js@^9.39.3":
  version "9.39.4"
  resolved "https://registry.yarnpkg.com/@eslint/js/-/js-9.39.4.tgz#a3f83bfc6fd9bf33a853dfacd0b49b398eb596c1"
  integrity sha512-nE7DEIchvtiFTwBw4Lfbu59PG+kCofhjsKaCWzxTpt4lfRjRMqG6uMBzKXuEcyXhOHoUp9riAm7/aWYGhXZ9cw==

"@isaacs/fs-minipass@^4.0.0":
  version "4.0.1"
  resolved "https://registry.yarnpkg.com/@isaacs/fs-minipass/-/fs-minipass-4.0.1.tgz#2d59ae3ab4b38fb4270bfa23d30f8e2e86c7fe32"
  integrity sha512-wgm9Ehl2jpeqP3zw/7mo3kRHFp5MEDhqAdwy1fTGkHAwnkGOVsgpvQhL8B5n1qlb01jV3n/bI0ZfZp5lWA1k4w==
  dependencies:
    minipass "^7.0.4"

"@pkgr/core@^0.2.9":
  version "0.2.9"
  resolved "https://registry.yarnpkg.com/@pkgr/core/-/core-0.2.9.tgz#d229a7b7f9dac167a156992ef23c7f023653f53b"
  integrity sha512-QNqXyfVS2wm9hweSYD2O7F0G06uurj9kZ96TRQE5Y9hU7+tgdZwIkbAKc5Ocy1HxEY2kuDQa6cQ1WRs/O5LFKA==

ajv@^8.17.1:
  version "8.17.1"
  resolved "https://registry.npmjs.org/ajv/-/ajv-8.17.1.tgz"
  integrity sha512-B/gBuNg5SiMTrPkC+A2+cW0RszwxYmn6VYxB/inlBStS5nx6xHIt/ehKRhIMhqusl7a8LjQoZnjCs5vhwxOQ1g==
  dependencies:
    fast-deep-equal "^3.1.3"
    fast-uri "^3.0.1"
    json-schema-traverse "^1.0.0"
    require-from-string "^2.0.2"

chownr@^3.0.0:
  version "3.0.0"
  resolved "https://registry.yarnpkg.com/chownr/-/chownr-3.0.0.tgz#9855e64ecd240a9cc4267ce8a4aa5d24a1da15e4"
  integrity sha512-+IxzY9BZOQd/XuYPRmrvEVjF/nqj5kgT4kEq7VofrDoM1MxoRjEWkrCC3EtLi59TVawxTAn+orJwFQcrqEN1+g==

colord@^2.9.3:
  version "2.9.3"
  resolved "https://registry.npmjs.org/colord/-/colord-2.9.3.tgz"
  integrity sha512-jeC1axXpnb0/2nn/Y1LPuLdgXBLH7aDcHu4KEKfqw3CUhX7ZpfBSlPKyqXE6btIgEzfWtrX3/tyBCaCvXvMkOw==

ejson@^2.2.3:
  version "2.2.3"
  resolved "https://registry.npmjs.org/ejson/-/ejson-2.2.3.tgz"
  integrity sha512-hsFvJp6OpGxFRQfBR3PSxFpaPALdHDY+SB3TRbMpLWNhvu8GzLiZutof5+/DFd2QekZo3KyXau75ngdJqQUSrw==

enhanced-resolve@^5.17.1:
  version "5.20.1"
  resolved "https://registry.yarnpkg.com/enhanced-resolve/-/enhanced-resolve-5.20.1.tgz#eeeb3966bea62c348c40a0cc9e7912e2557d0be0"
  integrity sha512-Qohcme7V1inbAfvjItgw0EaxVX5q2rdVEZHRBrEQdRZTssLDGsL8Lwrznl8oQ/6kuTJONLaDcGjkNP247XEhcA==
  dependencies:
    graceful-fs "^4.2.4"
    tapable "^2.3.0"

esbuild@^0.27.3:
  version "0.27.4"
  resolved "https://registry.yarnpkg.com/esbuild/-/esbuild-0.27.4.tgz#b9591dd7e0ab803a11c9c3b602850403bef22f00"
  integrity sha512-Rq4vbHnYkK5fws5NF7MYTU68FPRE1ajX7heQ/8QXXWqNgqqJ/GkmmyxIzUnf2Sr/bakf8l54716CcMGHYhMrrQ==
  optionalDependencies:
    "@esbuild/aix-ppc64" "0.27.4"
    "@esbuild/android-arm" "0.27.4"
    "@esbuild/android-arm64" "0.27.4"
    "@esbuild/android-x64" "0.27.4"
    "@esbuild/darwin-arm64" "0.27.4"
    "@esbuild/darwin-x64" "0.27.4"
    "@esbuild/freebsd-arm64" "0.27.4"
    "@esbuild/freebsd-x64" "0.27.4"
    "@esbuild/linux-arm" "0.27.4"
    "@esbuild/linux-arm64" "0.27.4"
    "@esbuild/linux-ia32" "0.27.4"
    "@esbuild/linux-loong64" "0.27.4"
    "@esbuild/linux-mips64el" "0.27.4"
    "@esbuild/linux-ppc64" "0.27.4"
    "@esbuild/linux-riscv64" "0.27.4"
    "@esbuild/linux-s390x" "0.27.4"
    "@esbuild/linux-x64" "0.27.4"
    "@esbuild/netbsd-arm64" "0.27.4"
    "@esbuild/netbsd-x64" "0.27.4"
    "@esbuild/openbsd-arm64" "0.27.4"
    "@esbuild/openbsd-x64" "0.27.4"
    "@esbuild/openharmony-arm64" "0.27.4"
    "@esbuild/sunos-x64" "0.27.4"
    "@esbuild/win32-arm64" "0.27.4"
    "@esbuild/win32-ia32" "0.27.4"
    "@esbuild/win32-x64" "0.27.4"

eslint-compat-utils@^0.5.1:
  version "0.5.1"
  resolved "https://registry.npmjs.org/eslint-compat-utils/-/eslint-compat-utils-0.5.1.tgz"
  integrity sha512-3z3vFexKIEnjHE3zCMRo6fn/e44U7T1khUjg+Hp0ZQMCigh28rALD0nPFBcGZuiLC5rLZa2ubQHDRln09JfU2Q==
  dependencies:
    semver "^7.5.4"

eslint-config-prettier@^10.1.8:
  version "10.1.8"
  resolved "https://registry.yarnpkg.com/eslint-config-prettier/-/eslint-config-prettier-10.1.8.tgz#15734ce4af8c2778cc32f0b01b37b0b5cd1ecb97"
  integrity sha512-82GZUjRS0p/jganf6q1rEO25VSoHH0hKPCTrgillPjdI/3bgBhAE1QzHrHTizjpRvy6pGAvKjDJtk2pF9NDq8w==

eslint-plugin-es-x@^7.8.0:
  version "7.8.0"
  resolved "https://registry.yarnpkg.com/eslint-plugin-es-x/-/eslint-plugin-es-x-7.8.0.tgz#a207aa08da37a7923f2a9599e6d3eb73f3f92b74"
  integrity sha512-7Ds8+wAAoV3T+LAKeu39Y5BzXCrGKrcISfgKEqTS4BDN8SFEDQd0S43jiQ8vIa3wUKD07qitZdfzlenSi8/0qQ==
  dependencies:
    "@eslint-community/eslint-utils" "^4.1.2"
    "@eslint-community/regexpp" "^4.11.0"
    eslint-compat-utils "^0.5.1"

eslint-plugin-n@^17.24.0:
  version "17.24.0"
  resolved "https://registry.yarnpkg.com/eslint-plugin-n/-/eslint-plugin-n-17.24.0.tgz#b66fa05f7a6c1ba16768f0921b8974147dddd060"
  integrity sha512-/gC7/KAYmfNnPNOb3eu8vw+TdVnV0zhdQwexsw6FLXbhzroVj20vRn2qL8lDWDGnAQ2J8DhdfvXxX9EoxvERvw==
  dependencies:
    "@eslint-community/eslint-utils" "^4.5.0"
    enhanced-resolve "^5.17.1"
    eslint-plugin-es-x "^7.8.0"
    get-tsconfig "^4.8.1"
    globals "^15.11.0"
    globrex "^0.1.2"
    ignore "^5.3.2"
    semver "^7.6.3"
    ts-declaration-location "^1.0.6"

eslint-plugin-prettier@^5.5.5:
  version "5.5.5"
  resolved "https://registry.yarnpkg.com/eslint-plugin-prettier/-/eslint-plugin-prettier-5.5.5.tgz#9eae11593faa108859c26f9a9c367d619a0769c0"
  integrity sha512-hscXkbqUZ2sPithAuLm5MXL+Wph+U7wHngPBv9OMWwlP8iaflyxpjTYZkmdgB4/vPIhemRlBEoLrH7UC1n7aUw==
  dependencies:
    prettier-linter-helpers "^1.0.1"
    synckit "^0.11.12"

eslint-visitor-keys@^3.3.0, eslint-visitor-keys@^3.4.3:
  version "3.4.3"
  resolved "https://registry.npmjs.org/eslint-visitor-keys/-/eslint-visitor-keys-3.4.3.tgz"
  integrity sha512-wpc+LXeiyiisxPlEkUzU6svyS1frIO3Mgxj1fdy7Pm8Ygzguax2N3Fa/D/ag1WqbOprdI+uY6wMUl8/a2G+iag==

eventemitter3@^4.0.4:
  version "4.0.7"
  resolved "https://registry.npmjs.org/eventemitter3/-/eventemitter3-4.0.7.tgz"
  integrity sha512-8guHBZCwKnFhYdHr2ysuRWErTwhoN2X8XELRlrRwpmfeY2jjuUN4taQMsULKUVo1K4DvZl+0pgfyoysHxvmvEw==

eventemitter3@^5.0.1:
  version "5.0.1"
  resolved "https://registry.npmjs.org/eventemitter3/-/eventemitter3-5.0.1.tgz"
  integrity sha512-GWkBvjiSZK87ELrYOSESUYeVIc9mvLLf/nXalMOS5dYrgZq9o5OVkbZAVM06CVxYsCwH9BDZFPlQTlPA1j4ahA==

fast-deep-equal@^3.1.3:
  version "3.1.3"
  resolved "https://registry.npmjs.org/fast-deep-equal/-/fast-deep-equal-3.1.3.tgz"
  integrity sha512-f3qQ9oQy9j2AhBe/H9VC91wLmKBCCU/gDOnKNAYG5hswO7BLKj09Hc5HYNz9cGI++xlpDCIgDaitVs03ATR84Q==

fast-diff@^1.1.2:
  version "1.3.0"
  resolved "https://registry.npmjs.org/fast-diff/-/fast-diff-1.3.0.tgz"
  integrity sha512-VxPP4NqbUjj6MaAOafWeUn2cXWLcCtljklUtZf0Ind4XQ+QPtmA0b18zZy0jIQx+ExRVCR/ZQpBmik5lXshNsw==

fast-uri@^3.0.1:
  version "3.0.6"
  resolved "https://registry.npmjs.org/fast-uri/-/fast-uri-3.0.6.tgz"
  integrity sha512-Atfo14OibSv5wAp4VWNsFYE1AchQRTv9cBGWET4pZWHzYshFSS9NQI6I57rdKn9croWVMbYFbLhJ+yJvmZIIHw==

find-up@^8.0.0:
  version "8.0.0"
  resolved "https://registry.yarnpkg.com/find-up/-/find-up-8.0.0.tgz#9e4663f9605eeb615edd7399f376a01b1de312fe"
  integrity sha512-JGG8pvDi2C+JxidYdIwQDyS/CgcrIdh18cvgxcBge3wSHRQOrooMD3GlFBcmMJAN9M42SAZjDp5zv1dglJjwww==
  dependencies:
    locate-path "^8.0.0"
    unicorn-magic "^0.3.0"

get-tsconfig@^4.8.1:
  version "4.13.6"
  resolved "https://registry.yarnpkg.com/get-tsconfig/-/get-tsconfig-4.13.6.tgz#2fbfda558a98a691a798f123afd95915badce876"
  integrity sha512-shZT/QMiSHc/YBLxxOkMtgSid5HFoauqCE3/exfsEcwg1WkeqjG+V40yBbBrsD+jW2HDXcs28xOfcbm2jI8Ddw==
  dependencies:
    resolve-pkg-maps "^1.0.0"

globals@^15.11.0:
  version "15.15.0"
  resolved "https://registry.yarnpkg.com/globals/-/globals-15.15.0.tgz#7c4761299d41c32b075715a4ce1ede7897ff72a8"
  integrity sha512-7ACyT3wmyp3I61S4fG682L0VA2RGD9otkqGJIwNUMF1SWUombIIk+af1unuDYgMm082aHYwD+mzJvv9Iu8dsgg==

globrex@^0.1.2:
  version "0.1.2"
  resolved "https://registry.yarnpkg.com/globrex/-/globrex-0.1.2.tgz#dd5d9ec826232730cd6793a5e33a9302985e6098"
  integrity sha512-uHJgbwAMwNFf5mLst7IWLNg14x1CkeqglJb/K3doi4dw6q2IvAAmM/Y81kevy83wP+Sst+nutFTYOGg3d1lsxg==

graceful-fs@^4.2.4:
  version "4.2.11"
  resolved "https://registry.npmjs.org/graceful-fs/-/graceful-fs-4.2.11.tgz"
  integrity sha512-RbJ5/jmFcNNCcDV5o9eTnBLJ/HszWV0P73bc+Ff4nS/rJj+YaS6IGyiOL0VoBYX+l1Wrl3k63h/KrH+nhJ0XvQ==

ignore@^5.3.2:
  version "5.3.2"
  resolved "https://registry.yarnpkg.com/ignore/-/ignore-5.3.2.tgz#3cd40e729f3643fd87cb04e50bf0eb722bc596f5"
  integrity sha512-hsBTNUqQTDwkWtcdYI2i06Y/nUBEsNEDJKjWdigLvegy8kDuJAS8uRlpkkcQpyEXL0Z/pjDy5HBmMjRCJ2gq+g==

json-schema-traverse@^1.0.0:
  version "1.0.0"
  resolved "https://registry.npmjs.org/json-schema-traverse/-/json-schema-traverse-1.0.0.tgz"
  integrity sha512-NM8/P9n3XjXhIZn1lLhkFaACTOURQXjWhV4BA/RnOv8xvgqtqpAX9IO4mRQxSx1Rlo4tqzeqb0sOlruaOy3dug==

locate-path@^8.0.0:
  version "8.0.0"
  resolved "https://registry.yarnpkg.com/locate-path/-/locate-path-8.0.0.tgz#4f0cca3d0d84b02b6f534a73331c83437bf14141"
  integrity sha512-XT9ewWAC43tiAV7xDAPflMkG0qOPn2QjHqlgX8FOqmWa/rxnyYDulF9T0F7tRy1u+TVTmK/M//6VIOye+2zDXg==
  dependencies:
    p-locate "^6.0.0"

mimic-fn@^3.1.0:
  version "3.1.0"
  resolved "https://registry.npmjs.org/mimic-fn/-/mimic-fn-3.1.0.tgz"
  integrity sha512-Ysbi9uYW9hFyfrThdDEQuykN4Ey6BuwPD2kpI5ES/nFTDn/98yxYNLZJcgUAKPT/mcrLLKaGzJR9YVxJrIdASQ==

minipass@^7.0.4, minipass@^7.1.2:
  version "7.1.2"
  resolved "https://registry.yarnpkg.com/minipass/-/minipass-7.1.2.tgz#93a9626ce5e5e66bd4db86849e7515e92340a707"
  integrity sha512-qOOzS1cBTWYF4BH8fVePDBOO9iptMnGUEZwNc/cMWnTV2nVLZ7VoNWEPHkYczZA0pdoA7dl6e7FL659nX9S2aw==

minizlib@^3.1.0:
  version "3.1.0"
  resolved "https://registry.yarnpkg.com/minizlib/-/minizlib-3.1.0.tgz#6ad76c3a8f10227c9b51d1c9ac8e30b27f5a251c"
  integrity sha512-KZxYo1BUkWD2TVFLr0MQoM8vUUigWD3LlD83a/75BqC+4qE0Hb1Vo5v1FgcfaNXvfXzr+5EhQ6ing/CaBijTlw==
  dependencies:
    minipass "^7.1.2"

nanoid@^3.3.11:
  version "3.3.11"
  resolved "https://registry.npmjs.org/nanoid/-/nanoid-3.3.11.tgz"
  integrity sha512-N8SpfPUnUp1bK+PMYW8qSWdl9U+wwNWI4QKxOYDy9JAro3WMX7p2OeVRF9v+347pnakNevPmiHhNmZ2HbFA76w==

p-finally@^1.0.0:
  version "1.0.0"
  resolved "https://registry.npmjs.org/p-finally/-/p-finally-1.0.0.tgz"
  integrity sha512-LICb2p9CB7FS+0eR1oqWnHhp0FljGLZCWBE9aix0Uye9W8LTQPwMTYVGWQWIw9RdQiDg4+epXQODwIYJtSJaow==

p-limit@^4.0.0:
  version "4.0.0"
  resolved "https://registry.npmjs.org/p-limit/-/p-limit-4.0.0.tgz"
  integrity sha512-5b0R4txpzjPWVw/cXXUResoD4hb6U/x9BH08L7nw+GN1sezDzPdxeRvpc9c433fZhBan/wusjbCsqwqm4EIBIQ==
  dependencies:
    yocto-queue "^1.0.0"

p-locate@^6.0.0:
  version "6.0.0"
  resolved "https://registry.npmjs.org/p-locate/-/p-locate-6.0.0.tgz"
  integrity sha512-wPrq66Llhl7/4AGC6I+cqxT07LhXvWL08LNXz1fENOw0Ap4sRZZ/gZpTTJ5jpurzzzfS2W/Ge9BY3LgLjCShcw==
  dependencies:
    p-limit "^4.0.0"

p-queue@^6.6.2:
  version "6.6.2"
  resolved "https://registry.npmjs.org/p-queue/-/p-queue-6.6.2.tgz"
  integrity sha512-RwFpb72c/BhQLEXIZ5K2e+AhgNVmIejGlTgiB9MzZ0e93GRvqZ7uSi0dvRF7/XIXDeNkra2fNHBxTyPDGySpjQ==
  dependencies:
    eventemitter3 "^4.0.4"
    p-timeout "^3.2.0"

p-timeout@^3.2.0:
  version "3.2.0"
  resolved "https://registry.npmjs.org/p-timeout/-/p-timeout-3.2.0.tgz"
  integrity sha512-rhIwUycgwwKcP9yTOOFK/AKsAopjjCakVqLHePO3CC6Mir1Z99xT+R63jZxAT5lFZLa2inS5h+ZS2GvR99/FBg==
  dependencies:
    p-finally "^1.0.0"

p-timeout@^4.1.0:
  version "4.1.0"
  resolved "https://registry.npmjs.org/p-timeout/-/p-timeout-4.1.0.tgz"
  integrity sha512-+/wmHtzJuWii1sXn3HCuH/FTwGhrp4tmJTxSKJbfS+vkipci6osxXM5mY0jUiRzWKMTgUT8l7HFbeSwZAynqHw==

picomatch@^4.0.2:
  version "4.0.3"
  resolved "https://registry.yarnpkg.com/picomatch/-/picomatch-4.0.3.tgz#796c76136d1eead715db1e7bad785dedd695a042"
  integrity sha512-5gTmgEY/sqK6gFXLIsQNH19lWb4ebPDLA4SdLP7dsWkIXHWlG66oPuVvXSGFPppYZz8ZDZq0dYYrbHfBCVUb1Q==

prettier-linter-helpers@^1.0.1:
  version "1.0.1"
  resolved "https://registry.yarnpkg.com/prettier-linter-helpers/-/prettier-linter-helpers-1.0.1.tgz#6a31f88a4bad6c7adda253de12ba4edaea80ebcd"
  integrity sha512-SxToR7P8Y2lWmv/kTzVLC1t/GDI2WGjMwNhLLE9qtH8Q13C+aEmuRlzDst4Up4s0Wc8sF2M+J57iB3cMLqftfg==
  dependencies:
    fast-diff "^1.1.2"

require-from-string@^2.0.2:
  version "2.0.2"
  resolved "https://registry.npmjs.org/require-from-string/-/require-from-string-2.0.2.tgz"
  integrity sha512-Xf0nWe6RseziFMu+Ap9biiUbmplq6S9/p+7w7YXP/JBHhrUDDUhwa+vANyubuqfZWTveU//DYVGsDG7RKL/vEw==

resolve-pkg-maps@^1.0.0:
  version "1.0.0"
  resolved "https://registry.npmjs.org/resolve-pkg-maps/-/resolve-pkg-maps-1.0.0.tgz"
  integrity sha512-seS2Tj26TBVOC2NIc2rOe2y2ZO7efxITtLZcGSOnHHNOQ7CkiUBfw0Iw2ck6xkIhPwLhKNLS8BO+hEpngQlqzw==

semver@^7.5.4, semver@^7.6.3, semver@^7.7.4:
  version "7.7.4"
  resolved "https://registry.yarnpkg.com/semver/-/semver-7.7.4.tgz#28464e36060e991fa7a11d0279d2d3f3b57a7e8a"
  integrity sha512-vFKC2IEtQnVhpT78h1Yp8wzwrf8CM+MzKMHGJZfBtzhZNycRFnXsHk6E5TxIkkMsgNS7mdX3AGB7x2QM2di4lA==

synckit@^0.11.12:
  version "0.11.12"
  resolved "https://registry.yarnpkg.com/synckit/-/synckit-0.11.12.tgz#abe74124264fbc00a48011b0d98bdc1cffb64a7b"
  integrity sha512-Bh7QjT8/SuKUIfObSXNHNSK6WHo6J1tHCqJsuaFDP7gP0fkzSfTxI8y85JrppZ0h8l0maIgc2tfuZQ6/t3GtnQ==
  dependencies:
    "@pkgr/core" "^0.2.9"

tapable@^2.3.0:
  version "2.3.0"
  resolved "https://registry.yarnpkg.com/tapable/-/tapable-2.3.0.tgz#7e3ea6d5ca31ba8e078b560f0d83ce9a14aa8be6"
  integrity sha512-g9ljZiwki/LfxmQADO3dEY1CbpmXT5Hm2fJ+QaGKwSXUylMybePR7/67YW7jOrrvjEgL1Fmz5kzyAjWVWLlucg==

tar@^7.5.9:
  version "7.5.11"
  resolved "https://registry.yarnpkg.com/tar/-/tar-7.5.11.tgz#1250fae45d98806b36d703b30973fa8e0a6d8868"
  integrity sha512-ChjMH33/KetonMTAtpYdgUFr0tbz69Fp2v7zWxQfYZX4g5ZN2nOBXm1R2xyA+lMIKrLKIoKAwFj93jE/avX9cQ==
  dependencies:
    "@isaacs/fs-minipass" "^4.0.0"
    chownr "^3.0.0"
    minipass "^7.1.2"
    minizlib "^3.1.0"
    yallist "^5.0.0"

ts-declaration-location@^1.0.6:
  version "1.0.7"
  resolved "https://registry.yarnpkg.com/ts-declaration-location/-/ts-declaration-location-1.0.7.tgz#d4068fe9975828b3b453b3ab112b4711d8267688"
  integrity sha512-EDyGAwH1gO0Ausm9gV6T2nUvBgXT5kGoCMJPllOaooZ+4VvJiKBdZE7wK18N1deEowhcUptS+5GXZK8U/fvpwA==
  dependencies:
    picomatch "^4.0.2"

tslib@^2.8.1:
  version "2.8.1"
  resolved "https://registry.npmjs.org/tslib/-/tslib-2.8.1.tgz"
  integrity sha512-oJFu94HQb+KVduSUQL7wnpmqnfmLsOA/nAh6b6EH0wCEoK0/mPeXU6c3wKDV83MkOuHPRHtSXKKU99IBazS/2w==

unicorn-magic@^0.3.0:
  version "0.3.0"
  resolved "https://registry.yarnpkg.com/unicorn-magic/-/unicorn-magic-0.3.0.tgz#4efd45c85a69e0dd576d25532fbfa22aa5c8a104"
  integrity sha512-+QBBXBCvifc56fsbuxZQ6Sic3wqqc3WWaqxs58gvJrcOuN83HGTCwz3oS5phzU9LthRNE9VrJCFCLUgHeeFnfA==

yallist@^5.0.0:
  version "5.0.0"
  resolved "https://registry.yarnpkg.com/yallist/-/yallist-5.0.0.tgz#00e2de443639ed0d78fd87de0d27469fbcffb533"
  integrity sha512-YgvUTfwqyc7UXVMrB+SImsVYSmTS8X/tSrtdNZMImM+n7+QTriRXyXim0mBrTXNeqzVF0KWGgHPeiyViFFrNDw==

yocto-queue@^1.0.0:
  version "1.0.0"
  resolved "https://registry.npmjs.org/yocto-queue/-/yocto-queue-1.0.0.tgz"
  integrity sha512-9bnSc/HEW2uRy67wc+T8UwauLuPJVn28jb+GtJY16iiKWyvmYJRXVT4UamsAEGQfPohgr2q4Tq0sQbQlxTfi1g==

zx@^8.8.5:
  version "8.8.5"
  resolved "https://registry.yarnpkg.com/zx/-/zx-8.8.5.tgz#d092d8c0017aa7c5a276fda88ff19e4b1d91cc64"
  integrity sha512-SNgDF5L0gfN7FwVOdEFguY3orU5AkfFZm9B5YSHog/UDHv+lvmd82ZAsOenOkQixigwH2+yyH198AwNdKhj+RA==
